// !$*UTF8*$!
{
	archiveVersion = 1;
	classes = {
	};
	objectVersion = 46;
	objects = {

/* Begin PBXBuildFile section */
		F160A70F1BF4F04200F2A13C /* main.c in Sources */ = {isa = PBXBuildFile; fileRef = F160A70E1BF4F04200F2A13C /* main.c */; };
		F1B151B01BFA0658004B335C /* CriptoMD.c in Sources */ = {isa = PBXBuildFile; fileRef = F1B151AE1BFA0658004B335C /* CriptoMD.c */; };
/* End PBXBuildFile section */

/* Begin PBXCopyFilesBuildPhase section */
		F160A7091BF4F04200F2A13C /* CopyFiles */ = {
			isa = PBXCopyFilesBuildPhase;
			buildActionMask = 2147483647;
			dstPath = /usr/share/man/man1/;
			dstSubfolderSpec = 0;
			files = (
			);
			runOnlyForDeploymentPostprocessing = 1;
		};
/* End PBXCopyFilesBuildPhase section */

/* Begin PBXFileReference section */
		F160A70B1BF4F04200F2A13C /* Criptografia MD */ = {isa = PBXFileReference; explicitFileType = "compiled.mach-o.executable"; includeInIndex = 0; path = "Criptografia MD"; sourceTree = BUILT_PRODUCTS_DIR; };
		F160A70E1BF4F04200F2A13C /* main.c */ = {isa = PBXFileReference; lastKnownFileType = sourcecode.c.c; path = main.c; sourceTree = "<group>"; };
		F1B151AE1BFA0658004B335C /* CriptoMD.c */ = {isa = PBXFileReference; fileEncoding = 4; lastKnownFileType = sourcecode.c.c; path = CriptoMD.c; sourceTree = "<group>"; };
		F1B151AF1BFA0658004B335C /* CriptoMD.h */ = {isa = PBXFileReference; fileEncoding = 4; lastKnownFileType = sourcecode.c.h; path = CriptoMD.h; sourceTree = "<group>"; };
/* End PBXFileReference section */

/* Begin PBXFrameworksBuildPhase section */
		F160A7081BF4F04200F2A13C /* Frameworks */ = {
			isa = PBXFrameworksBuildPhase;
			buildActionMask = 2147483647;
			files = (
			);
			runOnlyForDeploymentPostprocessing = 0;
		};
/* End PBXFrameworksBuildPhase section */

/* Begin PBXGroup section */
		F160A7021BF4F04200F2A13C = {
			isa = PBXGroup;
			children = (
				F160A70D1BF4F04200F2A13C /* Criptografia MD */,
				F160A70C1BF4F04200F2A13C /* Products */,
			);
			sourceTree = "<group>";
		};
		F160A70C1BF4F04200F2A13C /* Products */ = {
			isa = PBXGroup;
			children = (
				F160A70B1BF4F04200F2A13C /* Criptografia MD */,
			);
			name = Products;
			sourceTree = "<group>";
		};
		F160A70D1BF4F04200F2A13C /* Criptografia MD */ = {
			isa = PBXGroup;
			children = (
				F160A70E1BF4F04200F2A13C /* main.c */,
				F1B151AE1BFA0658004B335C /* CriptoMD.c */,
				F1B151AF1BFA0658004B335C /* CriptoMD.h */,
			);
			path = "Criptografia MD";
			sourceTree = "<group>";
		};
/* End PBXGroup section */

/* Begin PBXNativeTarget section */
		F160A70A1BF4F04200F2A13C /* Criptografia MD */ = {
			isa = PBXNativeTarget;
			buildConfigurationList = F160A7121BF4F04200F2A13C /* Build configuration list for PBXNativeTarget "Criptografia MD" */;
			buildPhases = (
				F160A7071BF4F04200F2A13C /* Sources */,
				F160A7081BF4F04200F2A13C /* Frameworks */,
				F160A7091BF4F04200F2A13C /* CopyFiles */,
			);
			buildRules = (
			);
			dependencies = (
			);
			name = "Criptografia MD";
			productName = "Criptografia MD";
			productReference = F160A70B1BF4F04200F2A13C /* Criptografia MD */;
			productType = "com.apple.product-type.tool";
		};
/* End PBXNativeTarget section */

/* Begin PBXProject section */
		F160A7031BF4F04200F2A13C /* Project object */ = {
			isa = PBXProject;
			attributes = {
				LastUpgradeCheck = 0710;
				ORGANIZATIONNAME = "Rafael Auyer";
				TargetAttributes = {
					F160A70A1BF4F04200F2A13C = {
						CreatedOnToolsVersion = 7.1;
					};
				};
			};
			buildConfigurationList = F160A7061BF4F04200F2A13C /* Build configuration list for PBXProject "Criptografia MD" */;
			compatibilityVersion = "Xcode 3.2";
			developmentRegion = English;
			hasScannedForEncodings = 0;
			knownRegions = (
				en,
			);
			mainGroup = F160A7021BF4F04200F2A13C;
			productRefGroup = F160A70C1BF4F04200F2A13C /* Products */;
			projectDirPath = "";
			projectRoot = "";
			targets = (
				F160A70A1BF4F04200F2A13C /* Criptografia MD */,
			);
		};
/* End PBXProject section */

/* Begin PBXSourcesBuildPhase section */
		F160A7071BF4F04200F2A13C /* Sources */ = {
			isa = PBXSourcesBuildPhase;
			buildActionMask = 2147483647;
			files = (
				F160A70F1BF4F04200F2A13C /* main.c in Sources */,
				F1B151B01BFA0658004B335C /* CriptoMD.c in Sources */,
			);
			runOnlyForDeploymentPostprocessing = 0;
		};
/* End PBXSourcesBuildPhase section */

/* Begin XCBuildConfiguration section */
		F160A7101BF4F04200F2A13C /* Debug */ = {
			isa = XCBuildConfiguration;
			buildSettings = {
				ALWAYS_SEARCH_USER_PATHS = NO;
				CLANG_CXX_LANGUAGE_STANDARD = "gnu++0x";
				CLANG_CXX_LIBRARY = "libc++";
				CLANG_ENABLE_MODULES = YES;
				CLANG_ENABLE_OBJC_ARC = YES;
				CLANG_WARN_BOOL_CONVERSION = YES;
				CLANG_WARN_CONSTANT_CONVERSION = YES;
				CLANG_WARN_DIRECT_OBJC_ISA_USAGE = YES_ERROR;
				CLANG_WARN_EMPTY_BODY = YES;
				CLANG_WARN_ENUM_CONVERSION = YES;
				CLANG_WARN_INT_CONVERSION = YES;
				CLANG_WARN_OBJC_ROOT_CLASS = YES_ERROR;
				CLANG_WARN_UNREACHABLE_CODE = YES;
				CLANG_WARN__DUPLICATE_METHOD_MATCH = YES;
				CODE_SIGN_IDENTITY = "-";
				COPY_PHASE_STRIP = NO;
				DEBUG_INFORMATION_FORMAT = dwarf;
				ENABLE_STRICT_OBJC_MSGSEND = YES;
				ENABLE_TESTABILITY = YES;
				GCC_C_LANGUAGE_STANDARD = gnu99;
				GCC_DYNAMIC_NO_PIC = NO;
				GCC_NO_COMMON_BLOCKS = YES;
				GCC_OPTIMIZATION_LEVEL = 0;
				GCC_PREPROCESSOR_DEFINITIONS = (
					"DEBUG=1",
					"$(inherited)",
				);
				GCC_WARN_64_TO_32_BIT_CONVERSION = YES;
				GCC_WARN_ABOUT_RETURN_TYPE = YES_ERROR;
				GCC_WARN_UNDECLARED_SELECTOR = YES;
				GCC_WARN_UNINITIALIZED_AUTOS = YES_AGGRESSIVE;
				GCC_WARN_UNUSED_FUNCTION = YES;
				GCC_WARN_UNUSED_VARIABLE = YES;
				MACOSX_DEPLOYMENT_TARGET = 10.11;
				MTL_ENABLE_DEBUG_INFO = YES;
				ONLY_ACTIVE_ARCH = YES;
				SDKROOT = macosx;
			};
			name = Debug;
		};
		F160A7111BF4F04200F2A13C /* Release */ = {
			isa = XCBuildConfiguration;
			buildSettings = {
				ALWAYS_SEARCH_USER_PATHS = NO;
				CLANG_CXX_LANGUAGE_STANDARD = "gnu++0x";
				CLANG_CXX_LIBRARY = "libc++";
				CLANG_ENABLE_MODULES = YES;
				CLANG_ENABLE_OBJC_ARC = YES;
				CLANG_WARN_BOOL_CONVERSION = YES;
				CLANG_WARN_CONSTANT_CONVERSION = YES;
				CLANG_WARN_DIRECT_OBJC_ISA_USAGE = YES_ERROR;
				CLANG_WARN_EMPTY_BODY = YES;
				CLANG_WARN_ENUM_CONVERSION = YES;
				CLANG_WARN_INT_CONVERSION = YES;
				CLANG_WARN_OBJC_ROOT_CLASS = YES_ERROR;
				CLANG_WARN_UNREACHABLE_CODE = YES;
				CLANG_WARN__DUPLICATE_METHOD_MATCH = YES;
				CODE_SIGN_IDENTITY = "-";
				COPY_PHASE_STRIP = NO;
				DEBUG_INFORMATION_FORMAT = "dwarf-with-dsym";
				ENABLE_NS_ASSERTIONS = NO;
				ENABLE_STRICT_OBJC_MSGSEND = YES;
				GCC_C_LANGUAGE_STANDARD = gnu99;
				GCC_NO_COMMON_BLOCKS = YES;
				GCC_WARN_64_TO_32_BIT_CONVERSION = YES;
				GCC_WARN_ABOUT_RETURN_TYPE = YES_ERROR;
				GCC_WARN_UNDECLARED_SELECTOR = YES;
				GCC_WARN_UNINITIALIZED_AUTOS = YES_AGGRESSIVE;
				GCC_WARN_UNUSED_FUNCTION = YES;
				GCC_WARN_UNUSED_VARIABLE = YES;
				MACOSX_DEPLOYMENT_TARGET = 10.11;
				MTL_ENABLE_DEBUG_INFO = NO;
				SDKROOT = macosx;
			};
			name = Release;
		};
		F160A7131BF4F04200F2A13C /* Debug */ = {
			isa = XCBuildConfiguration;
			buildSettings = {
				PRODUCT_NAME = "$(TARGET_NAME)";
			};
			name = Debug;
		};
		F160A7141BF4F04200F2A13C /* Release */ = {
			isa = XCBuildConfiguration;
			buildSettings = {
				PRODUCT_NAME = "$(TARGET_NAME)";
			};
			name = Release;
		};
/* End XCBuildConfiguration section */

/* Begin XCConfigurationList section */
		F160A7061BF4F04200F2A13C /* Build configuration list for PBXProject "Criptografia MD" */ = {
			isa = XCConfigurationList;
			buildConfigurations = (
				F160A7101BF4F04200F2A13C /* Debug */,
				F160A7111BF4F04200F2A13C /* Release */,
			);
			defaultConfigurationIsVisible = 0;
			defaultConfigurationName = Release;
		};
		F160A7121BF4F04200F2A13C /* Build configuration list for PBXNativeTarget "Criptografia MD" */ = {
			isa = XCConfigurationList;
			buildConfigurations = (
				F160A7131BF4F04200F2A13C /* Debug */,
				F160A7141BF4F04200F2A13C /* Release */,
			);
			defaultConfigurationIsVisible = 0;
			defaultConfigurationName = Release;
		};
/* End XCConfigurationList section */
	};
	rootObject = F160A7031BF4F04200F2A13C /* Project object */;
}
